// !$*UTF8*$!
{
	archiveVersion = 1;
	classes = {
	};
	objectVersion = 46;
	objects = {

/* Begin PBXBuildFile section */
		EC8720BA1D61C0BF00308F5C /* main.m in Sources */ = {isa = PBXBuildFile; fileRef = EC8720B91D61C0BF00308F5C /* main.m */; };
		EC8720BD1D61C0BF00308F5C /* AppDelegate.m in Sources */ = {isa = PBXBuildFile; fileRef = EC8720BC1D61C0BF00308F5C /* AppDelegate.m */; };
		EC8720C01D61C0BF00308F5C /* ViewController.m in Sources */ = {isa = PBXBuildFile; fileRef = EC8720BF1D61C0BF00308F5C /* ViewController.m */; };
		EC8720C31D61C0BF00308F5C /* Main.storyboard in Resources */ = {isa = PBXBuildFile; fileRef = EC8720C11D61C0BF00308F5C /* Main.storyboard */; };
		EC8720C51D61C0BF00308F5C /* Assets.xcassets in Resources */ = {isa = PBXBuildFile; fileRef = EC8720C41D61C0BF00308F5C /* Assets.xcassets */; };
		EC8720C81D61C0BF00308F5C /* LaunchScreen.storyboard in Resources */ = {isa = PBXBuildFile; fileRef = EC8720C61D61C0BF00308F5C /* LaunchScreen.storyboard */; };
/* End PBXBuildFile section */

/* Begin PBXFileReference section */
		EC8720B51D61C0BF00308F5C /* Tips.app */ = {isa = PBXFileReference; explicitFileType = wrapper.application; includeInIndex = 0; path = Tips.app; sourceTree = BUILT_PRODUCTS_DIR; };
		EC8720B91D61C0BF00308F5C /* main.m */ = {isa = PBXFileReference; lastKnownFileType = sourcecode.c.objc; path = main.m; sourceTree = "<group>"; };
		EC8720BB1D61C0BF00308F5C /* AppDelegate.h */ = {isa = PBXFileReference; lastKnownFileType = sourcecode.c.h; path = AppDelegate.h; sourceTree = "<group>"; };
		EC8720BC1D61C0BF00308F5C /* AppDelegate.m */ = {isa = PBXFileReference; lastKnownFileType = sourcecode.c.objc; path = AppDelegate.m; sourceTree = "<group>"; };
		EC8720BE1D61C0BF00308F5C /* ViewController.h */ = {isa = PBXFileReference; lastKnownFileType = sourcecode.c.h; path = ViewController.h; sourceTree = "<group>"; };
		EC8720BF1D61C0BF00308F5C /* ViewController.m */ = {isa = PBXFileReference; lastKnownFileType = sourcecode.c.objc; path = ViewController.m; sourceTree = "<group>"; };
		EC8720C21D61C0BF00308F5C /* Base */ = {isa = PBXFileReference; lastKnownFileType = file.storyboard; name = Base; path = Base.lproj/Main.storyboard; sourceTree = "<group>"; };
		EC8720C41D61C0BF00308F5C /* Assets.xcassets */ = {isa = PBXFileReference; lastKnownFileType = folder.assetcatalog; path = Assets.xcassets; sourceTree = "<group>"; };
		EC8720C71D61C0BF00308F5C /* Base */ = {isa = PBXFileReference; lastKnownFileType = file.storyboard; name = Base; path = Base.lproj/LaunchScreen.storyboard; sourceTree = "<group>"; };
		EC8720C91D61C0BF00308F5C /* Info.plist */ = {isa = PBXFileReference; lastKnownFileType = text.plist.xml; path = Info.plist; sourceTree = "<group>"; };
/* End PBXFileReference section */

/* Begin PBXFrameworksBuildPhase section */
		EC8720B21D61C0BF00308F5C /* Frameworks */ = {
			isa = PBXFrameworksBuildPhase;
			buildActionMask = 2147483647;
			files = (
			);
			runOnlyForDeploymentPostprocessing = 0;
		};
/* End PBXFrameworksBuildPhase section */

/* Begin PBXGroup section */
		EC8720AC1D61C0BF00308F5C = {
			isa = PBXGroup;
			children = (
				EC8720B71D61C0BF00308F5C /* Tips */,
				EC8720B61D61C0BF00308F5C /* Products */,
			);
			sourceTree = "<group>";
		};
		EC8720B61D61C0BF00308F5C /* Products */ = {
			isa = PBXGroup;
			children = (
				EC8720B51D61C0BF00308F5C /* Tips.app */,
			);
			name = Products;
			sourceTree = "<group>";
		};
		EC8720B71D61C0BF00308F5C /* Tips */ = {
			isa = PBXGroup;
			children = (
				EC8720BB1D61C0BF00308F5C /* AppDelegate.h */,
				EC8720BC1D61C0BF00308F5C /* AppDelegate.m */,
				EC8720BE1D61C0BF00308F5C /* ViewController.h */,
				EC8720BF1D61C0BF00308F5C /* ViewController.m */,
				EC8720C11D61C0BF00308F5C /* Main.storyboard */,
				EC8720C41D61C0BF00308F5C /* Assets.xcassets */,
				EC8720C61D61C0BF00308F5C /* LaunchScreen.storyboard */,
				EC8720C91D61C0BF00308F5C /* Info.plist */,
				EC8720B81D61C0BF00308F5C /* Supporting Files */,
			);
			path = Tips;
			sourceTree = "<group>";
		};
		EC8720B81D61C0BF00308F5C /* Supporting Files */ = {
			isa = PBXGroup;
			children = (
				EC8720B91D61C0BF00308F5C /* main.m */,
			);
			name = "Supporting Files";
			sourceTree = "<group>";
		};
/* End PBXGroup section */

/* Begin PBXNativeTarget section */
		EC8720B41D61C0BF00308F5C /* Tips */ = {
			isa = PBXNativeTarget;
			buildConfigurationList = EC8720CC1D61C0BF00308F5C /* Build configuration list for PBXNativeTarget "Tips" */;
			buildPhases = (
				EC8720B11D61C0BF00308F5C /* Sources */,
				EC8720B21D61C0BF00308F5C /* Frameworks */,
				EC8720B31D61C0BF00308F5C /* Resources */,
			);
			buildRules = (
			);
			dependencies = (
			);
			name = Tips;
			productName = Tips;
			productReference = EC8720B51D61C0BF00308F5C /* Tips.app */;
			productType = "com.apple.product-type.application";
		};
/* End PBXNativeTarget section */

/* Begin PBXProject section */
		EC8720AD1D61C0BF00308F5C /* Project object */ = {
			isa = PBXProject;
			attributes = {
				LastUpgradeCheck = 0730;
				ORGANIZATIONNAME = Personal;
				TargetAttributes = {
					EC8720B41D61C0BF00308F5C = {
						CreatedOnToolsVersion = 7.3.1;
					};
				};
			};
			buildConfigurationList = EC8720B01D61C0BF00308F5C /* Build configuration list for PBXProject "Tips" */;
			compatibilityVersion = "Xcode 3.2";
			developmentRegion = English;
			hasScannedForEncodings = 0;
			knownRegions = (
				en,
				Base,
			);
			mainGroup = EC8720AC1D61C0BF00308F5C;
			productRefGroup = EC8720B61D61C0BF00308F5C /* Products */;
			projectDirPath = "";
			projectRoot = "";
			targets = (
				EC8720B41D61C0BF00308F5C /* Tips */,
			);
		};
/* End PBXProject section */

/* Begin PBXResourcesBuildPhase section */
		EC8720B31D61C0BF00308F5C /* Resources */ = {
			isa = PBXResourcesBuildPhase;
			buildActionMask = 2147483647;
			files = (
				EC8720C81D61C0BF00308F5C /* LaunchScreen.storyboard in Resources */,
				EC8720C51D61C0BF00308F5C /* Assets.xcassets in Resources */,
				EC8720C31D61C0BF00308F5C /* Main.storyboard in Resources */,
			);
			runOnlyForDeploymentPostprocessing = 0;
		};
/* End PBXResourcesBuildPhase section */

/* Begin PBXSourcesBuildPhase section */
		EC8720B11D61C0BF00308F5C /* Sources */ = {
			isa = PBXSourcesBuildPhase;
			buildActionMask = 2147483647;
			files = (
				EC8720C01D61C0BF00308F5C /* ViewController.m in Sources */,
				EC8720BD1D61C0BF00308F5C /* AppDelegate.m in Sources */,
				EC8720BA1D61C0BF00308F5C /* main.m in Sources */,
			);
			runOnlyForDeploymentPostprocessing = 0;
		};
/* End PBXSourcesBuildPhase section */

/* Begin PBXVariantGroup section */
		EC8720C11D61C0BF00308F5C /* Main.storyboard */ = {
			isa = PBXVariantGroup;
			children = (
				EC8720C21D61C0BF00308F5C /* Base */,
			);
			name = Main.storyboard;
			sourceTree = "<group>";
		};
		EC8720C61D61C0BF00308F5C /* LaunchScreen.storyboard */ = {
			isa = PBXVariantGroup;
			children = (
				EC8720C71D61C0BF00308F5C /* Base */,
			);
			name = LaunchScreen.storyboard;
			sourceTree = "<group>";
		};
/* End PBXVariantGroup section */

/* Begin XCBuildConfiguration section */
		EC8720CA1D61C0BF00308F5C /* Debug */ = {
			isa = XCBuildConfiguration;
			buildSettings = {
				ALWAYS_SEARCH_USER_PATHS = NO;
				CLANG_ANALYZER_NONNULL = YES;
				CLANG_CXX_LANGUAGE_STANDARD = "gnu++0x";
				CLANG_CXX_LIBRARY = "libc++";
				CLANG_ENABLE_MODULES = YES;
				CLANG_ENABLE_OBJC_ARC = YES;
				CLANG_WARN_BOOL_CONVERSION = YES;
				CLANG_WARN_CONSTANT_CONVERSION = YES;
				CLANG_WARN_DIRECT_OBJC_ISA_USAGE = YES_ERROR;
				CLANG_WARN_EMPTY_BODY = YES;
				CLANG_WARN_ENUM_CONVERSION = YES;
				CLANG_WARN_INT_CONVERSION = YES;
				CLANG_WARN_OBJC_ROOT_CLASS = YES_ERROR;
				CLANG_WARN_UNREACHABLE_CODE = YES;
				CLANG_WARN__DUPLICATE_METHOD_MATCH = YES;
				"CODE_SIGN_IDENTITY[sdk=iphoneos*]" = "iPhone Developer";
				COPY_PHASE_STRIP = NO;
				DEBUG_INFORMATION_FORMAT = dwarf;
				ENABLE_STRICT_OBJC_MSGSEND = YES;
				ENABLE_TESTABILITY = YES;
				GCC_C_LANGUAGE_STANDARD = gnu99;
				GCC_DYNAMIC_NO_PIC = NO;
				GCC_NO_COMMON_BLOCKS = YES;
				GCC_OPTIMIZATION_LEVEL = 0;
				GCC_PREPROCESSOR_DEFINITIONS = (
					"DEBUG=1",
					"$(inherited)",
				);
				GCC_WARN_64_TO_32_BIT_CONVERSION = YES;
				GCC_WARN_ABOUT_RETURN_TYPE = YES_ERROR;
				GCC_WARN_UNDECLARED_SELECTOR = YES;
				GCC_WARN_UNINITIALIZED_AUTOS = YES_AGGRESSIVE;
				GCC_WARN_UNUSED_FUNCTION = YES;
				GCC_WARN_UNUSED_VARIABLE = YES;
				IPHONEOS_DEPLOYMENT_TARGET = 9.3;
				MTL_ENABLE_DEBUG_INFO = YES;
				ONLY_ACTIVE_ARCH = YES;
				SDKROOT = iphoneos;
			};
			name = Debug;
		};
		EC8720CB1D61C0BF00308F5C /* Release */ = {
			isa = XCBuildConfiguration;
			buildSettings = {
				ALWAYS_SEARCH_USER_PATHS = NO;
				CLANG_ANALYZER_NONNULL = YES;
				CLANG_CXX_LANGUAGE_STANDARD = "gnu++0x";
				CLANG_CXX_LIBRARY = "libc++";
				CLANG_ENABLE_MODULES = YES;
				CLANG_ENABLE_OBJC_ARC = YES;
				CLANG_WARN_BOOL_CONVERSION = YES;
				CLANG_WARN_CONSTANT_CONVERSION = YES;
				CLANG_WARN_DIRECT_OBJC_ISA_USAGE = YES_ERROR;
				CLANG_WARN_EMPTY_BODY = YES;
				CLANG_WARN_ENUM_CONVERSION = YES;
				CLANG_WARN_INT_CONVERSION = YES;
				CLANG_WARN_OBJC_ROOT_CLASS = YES_ERROR;
				CLANG_WARN_UNREACHABLE_CODE = YES;
				CLANG_WARN__DUPLICATE_METHOD_MATCH = YES;
				"CODE_SIGN_IDENTITY[sdk=iphoneos*]" = "iPhone Developer";
				COPY_PHASE_STRIP = NO;
				DEBUG_INFORMATION_FORMAT = "dwarf-with-dsym";
				ENABLE_NS_ASSERTIONS = NO;
				ENABLE_STRICT_OBJC_MSGSEND = YES;
				GCC_C_LANGUAGE_STANDARD = gnu99;
				GCC_NO_COMMON_BLOCKS = YES;
				GCC_WARN_64_TO_32_BIT_CONVERSION = YES;
				GCC_WARN_ABOUT_RETURN_TYPE = YES_ERROR;
				GCC_WARN_UNDECLARED_SELECTOR = YES;
				GCC_WARN_UNINITIALIZED_AUTOS = YES_AGGRESSIVE;
				GCC_WARN_UNUSED_FUNCTION = YES;
				GCC_WARN_UNUSED_VARIABLE = YES;
				IPHONEOS_DEPLOYMENT_TARGET = 9.3;
				MTL_ENABLE_DEBUG_INFO = NO;
				SDKROOT = iphoneos;
				VALIDATE_PRODUCT = YES;
			};
			name = Release;
		};
		EC8720CD1D61C0BF00308F5C /* Debug */ = {
			isa = XCBuildConfiguration;
			buildSettings = {
				ASSETCATALOG_COMPILER_APPICON_NAME = AppIcon;
				INFOPLIST_FILE = Tips/Info.plist;
				LD_RUNPATH_SEARCH_PATHS = "$(inherited) @executable_path/Frameworks";
				PRODUCT_BUNDLE_IDENTIFIER = com.lbtech.Tips;
				PRODUCT_NAME = "$(TARGET_NAME)";
			};
			name = Debug;
		};
		EC8720CE1D61C0BF00308F5C /* Release */ = {
			isa = XCBuildConfiguration;
			buildSettings = {
				ASSETCATALOG_COMPILER_APPICON_NAME = AppIcon;
				INFOPLIST_FILE = Tips/Info.plist;
				LD_RUNPATH_SEARCH_PATHS = "$(inherited) @executable_path/Frameworks";
				PRODUCT_BUNDLE_IDENTIFIER = com.lbtech.Tips;
				PRODUCT_NAME = "$(TARGET_NAME)";
			};
			name = Release;
		};
/* End XCBuildConfiguration section */

/* Begin XCConfigurationList section */
		EC8720B01D61C0BF00308F5C /* Build configuration list for PBXProject "Tips" */ = {
			isa = XCConfigurationList;
			buildConfigurations = (
				EC8720CA1D61C0BF00308F5C /* Debug */,
				EC8720CB1D61C0BF00308F5C /* Release */,
			);
			defaultConfigurationIsVisible = 0;
			defaultConfigurationName = Release;
		};
		EC8720CC1D61C0BF00308F5C /* Build configuration list for PBXNativeTarget "Tips" */ = {
			isa = XCConfigurationList;
			buildConfigurations = (
				EC8720CD1D61C0BF00308F5C /* Debug */,
				EC8720CE1D61C0BF00308F5C /* Release */,
			);
			defaultConfigurationIsVisible = 0;
		};
/* End XCConfigurationList section */
	};
	rootObject = EC8720AD1D61C0BF00308F5C /* Project object */;
}
